
Microsoft Visual Studio Solution File, Format Version 11.00
# Visual Studio 2010
Project("{FAE04EC0-301F-11D3-BF4B-00C04F79EFBC}") = "Rule1", "Rule1\Rule1.csproj", "{D10255B0-2216-40D1-9D6A-5AC47DFDEE74}"
EndProject
Project("{2150E333-8FDC-42A3-9474-1A3956D46DE8}") = "Rules", "Rules", "{D39184B3-D08E-4994-BB99-ECCDEBE80BC1}"
EndProject
Project("{2150E333-8FDC-42A3-9474-1A3956D46DE8}") = "1", "1", "{F5496DF5-39F8-4EDB-B8BF-DC0863481AA1}"
	ProjectSection(SolutionItems) = preProject
		Rule1\Rule1-a.il = Rule1\Rule1-a.il
		Rule1\Rule1-b.il = Rule1\Rule1-b.il
	EndProjectSection
EndProject
Project("{2150E333-8FDC-42A3-9474-1A3956D46DE8}") = "Libraries", "Libraries", "{A28441F1-4A52-4DEE-A75A-218C9379C28D}"
	ProjectSection(SolutionItems) = preProject
		lib\Mono.Cecil.dll = lib\Mono.Cecil.dll
		lib\Mono.Cecil.Pdb.dll = lib\Mono.Cecil.Pdb.dll
	EndProjectSection
EndProject
Project("{2150E333-8FDC-42A3-9474-1A3956D46DE8}") = "2", "2", "{DF48CEDD-BBCB-4B5E-8348-89EB6ADC9986}"
EndProject
Project("{FAE04EC0-301F-11D3-BF4B-00C04F79EFBC}") = "Rule2.Console", "Rule2\Rule2.Console\Rule2.Console.csproj", "{43960E30-6B9F-4367-8B2A-3B34B914A5D8}"
EndProject
Project("{FAE04EC0-301F-11D3-BF4B-00C04F79EFBC}") = "Rule2.Library", "Rule2\Rule2.Library\Rule2.Library.csproj", "{DFE6DF10-1A14-4BC0-944B-6648D9BA6766}"
EndProject
Project("{FAE04EC0-301F-11D3-BF4B-00C04F79EFBC}") = "Rule2.Interfaces", "Rule2\Rule2.Interfaces\Rule2.Interfaces.csproj", "{EC8B5638-B576-466C-A5DD-CA5BABFB619F}"
EndProject
Project("{2150E333-8FDC-42A3-9474-1A3956D46DE8}") = "3", "3", "{293311A6-CB5B-44DB-8BA3-CA92A9EECF26}"
EndProject
Project("{FAE04EC0-301F-11D3-BF4B-00C04F79EFBC}") = "Rule3.Console", "Rule3\Rule3.Console\Rule3.Console.csproj", "{75C92CF3-A62F-44E9-AC5B-54D01CEBC2D3}"
EndProject
Project("{FAE04EC0-301F-11D3-BF4B-00C04F79EFBC}") = "Rule3.Interfaces", "Rule3\Rule3.Interfaces\Rule3.Interfaces.csproj", "{8C50CF75-082E-456E-8B95-A642F24C16C1}"
EndProject
Project("{FAE04EC0-301F-11D3-BF4B-00C04F79EFBC}") = "Rule3.Library", "Rule3\Rule3.Library\Rule3.Library.csproj", "{DBBE91ED-45BC-4EF5-BE2C-6F2538EB98DE}"
EndProject
Project("{2150E333-8FDC-42A3-9474-1A3956D46DE8}") = "5", "5", "{8AD0AD7E-2A9C-42A1-8B28-0D5F54713610}"
EndProject
Project("{FAE04EC0-301F-11D3-BF4B-00C04F79EFBC}") = "Rule5.Console", "Rule5\Rule5.Console\Rule5.Console.csproj", "{A20FCF82-8384-4492-B249-D6096B3961C5}"
EndProject
Project("{FAE04EC0-301F-11D3-BF4B-00C04F79EFBC}") = "FizzBuzz.Interfaces", "Rule5\FizzBuzz.Interfaces\FizzBuzz.Interfaces.csproj", "{DA7F4EA7-F4C1-438C-82F3-36DB03CF44A8}"
EndProject
Project("{FAE04EC0-301F-11D3-BF4B-00C04F79EFBC}") = "FizzBuzz", "Rule5\FizzBuzz\FizzBuzz.csproj", "{68AD3EFD-B3CC-4532-B306-5D93E660F59C}"
EndProject
Global
	GlobalSection(SolutionConfigurationPlatforms) = preSolution
		Debug|Any CPU = Debug|Any CPU
		Debug|Mixed Platforms = Debug|Mixed Platforms
		Debug|x86 = Debug|x86
		Release|Any CPU = Release|Any CPU
		Release|Mixed Platforms = Release|Mixed Platforms
		Release|x86 = Release|x86
	EndGlobalSection
	GlobalSection(ProjectConfigurationPlatforms) = postSolution
		{D10255B0-2216-40D1-9D6A-5AC47DFDEE74}.Debug|Any CPU.ActiveCfg = Debug|x86
		{D10255B0-2216-40D1-9D6A-5AC47DFDEE74}.Debug|Mixed Platforms.ActiveCfg = Debug|x86
		{D10255B0-2216-40D1-9D6A-5AC47DFDEE74}.Debug|Mixed Platforms.Build.0 = Debug|x86
		{D10255B0-2216-40D1-9D6A-5AC47DFDEE74}.Debug|x86.ActiveCfg = Debug|x86
		{D10255B0-2216-40D1-9D6A-5AC47DFDEE74}.Debug|x86.Build.0 = Debug|x86
		{D10255B0-2216-40D1-9D6A-5AC47DFDEE74}.Release|Any CPU.ActiveCfg = Release|x86
		{D10255B0-2216-40D1-9D6A-5AC47DFDEE74}.Release|Mixed Platforms.ActiveCfg = Release|x86
		{D10255B0-2216-40D1-9D6A-5AC47DFDEE74}.Release|Mixed Platforms.Build.0 = Release|x86
		{D10255B0-2216-40D1-9D6A-5AC47DFDEE74}.Release|x86.ActiveCfg = Release|x86
		{D10255B0-2216-40D1-9D6A-5AC47DFDEE74}.Release|x86.Build.0 = Release|x86
		{43960E30-6B9F-4367-8B2A-3B34B914A5D8}.Debug|Any CPU.ActiveCfg = Debug|x86
		{43960E30-6B9F-4367-8B2A-3B34B914A5D8}.Debug|Mixed Platforms.ActiveCfg = Debug|x86
		{43960E30-6B9F-4367-8B2A-3B34B914A5D8}.Debug|Mixed Platforms.Build.0 = Debug|x86
		{43960E30-6B9F-4367-8B2A-3B34B914A5D8}.Debug|x86.ActiveCfg = Debug|x86
		{43960E30-6B9F-4367-8B2A-3B34B914A5D8}.Debug|x86.Build.0 = Debug|x86
		{43960E30-6B9F-4367-8B2A-3B34B914A5D8}.Release|Any CPU.ActiveCfg = Release|x86
		{43960E30-6B9F-4367-8B2A-3B34B914A5D8}.Release|Mixed Platforms.ActiveCfg = Release|x86
		{43960E30-6B9F-4367-8B2A-3B34B914A5D8}.Release|Mixed Platforms.Build.0 = Release|x86
		{43960E30-6B9F-4367-8B2A-3B34B914A5D8}.Release|x86.ActiveCfg = Release|x86
		{43960E30-6B9F-4367-8B2A-3B34B914A5D8}.Release|x86.Build.0 = Release|x86
		{DFE6DF10-1A14-4BC0-944B-6648D9BA6766}.Debug|Any CPU.ActiveCfg = Debug|Any CPU
		{DFE6DF10-1A14-4BC0-944B-6648D9BA6766}.Debug|Any CPU.Build.0 = Debug|Any CPU
		{DFE6DF10-1A14-4BC0-944B-6648D9BA6766}.Debug|Mixed Platforms.ActiveCfg = Debug|Any CPU
		{DFE6DF10-1A14-4BC0-944B-6648D9BA6766}.Debug|Mixed Platforms.Build.0 = Debug|Any CPU
		{DFE6DF10-1A14-4BC0-944B-6648D9BA6766}.Debug|x86.ActiveCfg = Debug|Any CPU
		{DFE6DF10-1A14-4BC0-944B-6648D9BA6766}.Release|Any CPU.ActiveCfg = Release|Any CPU
		{DFE6DF10-1A14-4BC0-944B-6648D9BA6766}.Release|Any CPU.Build.0 = Release|Any CPU
		{DFE6DF10-1A14-4BC0-944B-6648D9BA6766}.Release|Mixed Platforms.ActiveCfg = Release|Any CPU
		{DFE6DF10-1A14-4BC0-944B-6648D9BA6766}.Release|Mixed Platforms.Build.0 = Release|Any CPU
		{DFE6DF10-1A14-4BC0-944B-6648D9BA6766}.Release|x86.ActiveCfg = Release|Any CPU
		{EC8B5638-B576-466C-A5DD-CA5BABFB619F}.Debug|Any CPU.ActiveCfg = Debug|Any CPU
		{EC8B5638-B576-466C-A5DD-CA5BABFB619F}.Debug|Any CPU.Build.0 = Debug|Any CPU
		{EC8B5638-B576-466C-A5DD-CA5BABFB619F}.Debug|Mixed Platforms.ActiveCfg = Debug|Any CPU
		{EC8B5638-B576-466C-A5DD-CA5BABFB619F}.Debug|Mixed Platforms.Build.0 = Debug|Any CPU
		{EC8B5638-B576-466C-A5DD-CA5BABFB619F}.Debug|x86.ActiveCfg = Debug|Any CPU
		{EC8B5638-B576-466C-A5DD-CA5BABFB619F}.Release|Any CPU.ActiveCfg = Release|Any CPU
		{EC8B5638-B576-466C-A5DD-CA5BABFB619F}.Release|Any CPU.Build.0 = Release|Any CPU
		{EC8B5638-B576-466C-A5DD-CA5BABFB619F}.Release|Mixed Platforms.ActiveCfg = Release|Any CPU
		{EC8B5638-B576-466C-A5DD-CA5BABFB619F}.Release|Mixed Platforms.Build.0 = Release|Any CPU
		{EC8B5638-B576-466C-A5DD-CA5BABFB619F}.Release|x86.ActiveCfg = Release|Any CPU
		{75C92CF3-A62F-44E9-AC5B-54D01CEBC2D3}.Debug|Any CPU.ActiveCfg = Debug|x86
		{75C92CF3-A62F-44E9-AC5B-54D01CEBC2D3}.Debug|Mixed Platforms.ActiveCfg = Debug|x86
		{75C92CF3-A62F-44E9-AC5B-54D01CEBC2D3}.Debug|Mixed Platforms.Build.0 = Debug|x86
		{75C92CF3-A62F-44E9-AC5B-54D01CEBC2D3}.Debug|x86.ActiveCfg = Debug|x86
		{75C92CF3-A62F-44E9-AC5B-54D01CEBC2D3}.Debug|x86.Build.0 = Debug|x86
		{75C92CF3-A62F-44E9-AC5B-54D01CEBC2D3}.Release|Any CPU.ActiveCfg = Release|x86
		{75C92CF3-A62F-44E9-AC5B-54D01CEBC2D3}.Release|Mixed Platforms.ActiveCfg = Release|x86
		{75C92CF3-A62F-44E9-AC5B-54D01CEBC2D3}.Release|Mixed Platforms.Build.0 = Release|x86
		{75C92CF3-A62F-44E9-AC5B-54D01CEBC2D3}.Release|x86.ActiveCfg = Release|x86
		{75C92CF3-A62F-44E9-AC5B-54D01CEBC2D3}.Release|x86.Build.0 = Release|x86
		{8C50CF75-082E-456E-8B95-A642F24C16C1}.Debug|Any CPU.ActiveCfg = Debug|Any CPU
		{8C50CF75-082E-456E-8B95-A642F24C16C1}.Debug|Any CPU.Build.0 = Debug|Any CPU
		{8C50CF75-082E-456E-8B95-A642F24C16C1}.Debug|Mixed Platforms.ActiveCfg = Debug|Any CPU
		{8C50CF75-082E-456E-8B95-A642F24C16C1}.Debug|Mixed Platforms.Build.0 = Debug|Any CPU
		{8C50CF75-082E-456E-8B95-A642F24C16C1}.Debug|x86.ActiveCfg = Debug|Any CPU
		{8C50CF75-082E-456E-8B95-A642F24C16C1}.Release|Any CPU.ActiveCfg = Release|Any CPU
		{8C50CF75-082E-456E-8B95-A642F24C16C1}.Release|Any CPU.Build.0 = Release|Any CPU
		{8C50CF75-082E-456E-8B95-A642F24C16C1}.Release|Mixed Platforms.ActiveCfg = Release|Any CPU
		{8C50CF75-082E-456E-8B95-A642F24C16C1}.Release|Mixed Platforms.Build.0 = Release|Any CPU
		{8C50CF75-082E-456E-8B95-A642F24C16C1}.Release|x86.ActiveCfg = Release|Any CPU
		{DBBE91ED-45BC-4EF5-BE2C-6F2538EB98DE}.Debug|Any CPU.ActiveCfg = Debug|Any CPU
		{DBBE91ED-45BC-4EF5-BE2C-6F2538EB98DE}.Debug|Any CPU.Build.0 = Debug|Any CPU
		{DBBE91ED-45BC-4EF5-BE2C-6F2538EB98DE}.Debug|Mixed Platforms.ActiveCfg = Debug|Any CPU
		{DBBE91ED-45BC-4EF5-BE2C-6F2538EB98DE}.Debug|Mixed Platforms.Build.0 = Debug|Any CPU
		{DBBE91ED-45BC-4EF5-BE2C-6F2538EB98DE}.Debug|x86.ActiveCfg = Debug|Any CPU
		{DBBE91ED-45BC-4EF5-BE2C-6F2538EB98DE}.Release|Any CPU.ActiveCfg = Release|Any CPU
		{DBBE91ED-45BC-4EF5-BE2C-6F2538EB98DE}.Release|Any CPU.Build.0 = Release|Any CPU
		{DBBE91ED-45BC-4EF5-BE2C-6F2538EB98DE}.Release|Mixed Platforms.ActiveCfg = Release|Any CPU
		{DBBE91ED-45BC-4EF5-BE2C-6F2538EB98DE}.Release|Mixed Platforms.Build.0 = Release|Any CPU
		{DBBE91ED-45BC-4EF5-BE2C-6F2538EB98DE}.Release|x86.ActiveCfg = Release|Any CPU
		{A20FCF82-8384-4492-B249-D6096B3961C5}.Debug|Any CPU.ActiveCfg = Debug|x86
		{A20FCF82-8384-4492-B249-D6096B3961C5}.Debug|Mixed Platforms.ActiveCfg = Debug|x86
		{A20FCF82-8384-4492-B249-D6096B3961C5}.Debug|Mixed Platforms.Build.0 = Debug|x86
		{A20FCF82-8384-4492-B249-D6096B3961C5}.Debug|x86.ActiveCfg = Debug|x86
		{A20FCF82-8384-4492-B249-D6096B3961C5}.Debug|x86.Build.0 = Debug|x86
		{A20FCF82-8384-4492-B249-D6096B3961C5}.Release|Any CPU.ActiveCfg = Release|x86
		{A20FCF82-8384-4492-B249-D6096B3961C5}.Release|Mixed Platforms.ActiveCfg = Release|x86
		{A20FCF82-8384-4492-B249-D6096B3961C5}.Release|Mixed Platforms.Build.0 = Release|x86
		{A20FCF82-8384-4492-B249-D6096B3961C5}.Release|x86.ActiveCfg = Release|x86
		{A20FCF82-8384-4492-B249-D6096B3961C5}.Release|x86.Build.0 = Release|x86
		{DA7F4EA7-F4C1-438C-82F3-36DB03CF44A8}.Debug|Any CPU.ActiveCfg = Debug|Any CPU
		{DA7F4EA7-F4C1-438C-82F3-36DB03CF44A8}.Debug|Any CPU.Build.0 = Debug|Any CPU
		{DA7F4EA7-F4C1-438C-82F3-36DB03CF44A8}.Debug|Mixed Platforms.ActiveCfg = Debug|Any CPU
		{DA7F4EA7-F4C1-438C-82F3-36DB03CF44A8}.Debug|Mixed Platforms.Build.0 = Debug|Any CPU
		{DA7F4EA7-F4C1-438C-82F3-36DB03CF44A8}.Debug|x86.ActiveCfg = Debug|Any CPU
		{DA7F4EA7-F4C1-438C-82F3-36DB03CF44A8}.Release|Any CPU.ActiveCfg = Release|Any CPU
		{DA7F4EA7-F4C1-438C-82F3-36DB03CF44A8}.Release|Any CPU.Build.0 = Release|Any CPU
		{DA7F4EA7-F4C1-438C-82F3-36DB03CF44A8}.Release|Mixed Platforms.ActiveCfg = Release|Any CPU
		{DA7F4EA7-F4C1-438C-82F3-36DB03CF44A8}.Release|Mixed Platforms.Build.0 = Release|Any CPU
		{DA7F4EA7-F4C1-438C-82F3-36DB03CF44A8}.Release|x86.ActiveCfg = Release|Any CPU
		{68AD3EFD-B3CC-4532-B306-5D93E660F59C}.Debug|Any CPU.ActiveCfg = Debug|Any CPU
		{68AD3EFD-B3CC-4532-B306-5D93E660F59C}.Debug|Any CPU.Build.0 = Debug|Any CPU
		{68AD3EFD-B3CC-4532-B306-5D93E660F59C}.Debug|Mixed Platforms.ActiveCfg = Debug|Any CPU
		{68AD3EFD-B3CC-4532-B306-5D93E660F59C}.Debug|Mixed Platforms.Build.0 = Debug|Any CPU
		{68AD3EFD-B3CC-4532-B306-5D93E660F59C}.Debug|x86.ActiveCfg = Debug|Any CPU
		{68AD3EFD-B3CC-4532-B306-5D93E660F59C}.Release|Any CPU.ActiveCfg = Release|Any CPU
		{68AD3EFD-B3CC-4532-B306-5D93E660F59C}.Release|Any CPU.Build.0 = Release|Any CPU
		{68AD3EFD-B3CC-4532-B306-5D93E660F59C}.Release|Mixed Platforms.ActiveCfg = Release|Any CPU
		{68AD3EFD-B3CC-4532-B306-5D93E660F59C}.Release|Mixed Platforms.Build.0 = Release|Any CPU
		{68AD3EFD-B3CC-4532-B306-5D93E660F59C}.Release|x86.ActiveCfg = Release|Any CPU
	EndGlobalSection
	GlobalSection(SolutionProperties) = preSolution
		HideSolutionNode = FALSE
	EndGlobalSection
	GlobalSection(NestedProjects) = preSolution
		{F5496DF5-39F8-4EDB-B8BF-DC0863481AA1} = {D39184B3-D08E-4994-BB99-ECCDEBE80BC1}
		{DF48CEDD-BBCB-4B5E-8348-89EB6ADC9986} = {D39184B3-D08E-4994-BB99-ECCDEBE80BC1}
		{293311A6-CB5B-44DB-8BA3-CA92A9EECF26} = {D39184B3-D08E-4994-BB99-ECCDEBE80BC1}
		{8AD0AD7E-2A9C-42A1-8B28-0D5F54713610} = {D39184B3-D08E-4994-BB99-ECCDEBE80BC1}
		{D10255B0-2216-40D1-9D6A-5AC47DFDEE74} = {F5496DF5-39F8-4EDB-B8BF-DC0863481AA1}
		{43960E30-6B9F-4367-8B2A-3B34B914A5D8} = {DF48CEDD-BBCB-4B5E-8348-89EB6ADC9986}
		{DFE6DF10-1A14-4BC0-944B-6648D9BA6766} = {DF48CEDD-BBCB-4B5E-8348-89EB6ADC9986}
		{EC8B5638-B576-466C-A5DD-CA5BABFB619F} = {DF48CEDD-BBCB-4B5E-8348-89EB6ADC9986}
		{75C92CF3-A62F-44E9-AC5B-54D01CEBC2D3} = {293311A6-CB5B-44DB-8BA3-CA92A9EECF26}
		{8C50CF75-082E-456E-8B95-A642F24C16C1} = {293311A6-CB5B-44DB-8BA3-CA92A9EECF26}
		{DBBE91ED-45BC-4EF5-BE2C-6F2538EB98DE} = {293311A6-CB5B-44DB-8BA3-CA92A9EECF26}
		{A20FCF82-8384-4492-B249-D6096B3961C5} = {8AD0AD7E-2A9C-42A1-8B28-0D5F54713610}
		{DA7F4EA7-F4C1-438C-82F3-36DB03CF44A8} = {8AD0AD7E-2A9C-42A1-8B28-0D5F54713610}
		{68AD3EFD-B3CC-4532-B306-5D93E660F59C} = {8AD0AD7E-2A9C-42A1-8B28-0D5F54713610}
	EndGlobalSection
EndGlobal
